// !$*UTF8*$!
{
	archiveVersion = 1;
	classes = {
	};
	objectVersion = 50;
	objects = {

/* Begin PBXBuildFile section */
		171A99C722EBFFC7004BB495 /* AppDelegate.m in Sources */ = {isa = PBXBuildFile; fileRef = 171A99C622EBFFC7004BB495 /* AppDelegate.m */; };
		171A99CA22EBFFC7004BB495 /* ViewController.m in Sources */ = {isa = PBXBuildFile; fileRef = 171A99C922EBFFC7004BB495 /* ViewController.m */; };
		171A99CD22EBFFC7004BB495 /* Main.storyboard in Resources */ = {isa = PBXBuildFile; fileRef = 171A99CB22EBFFC7004BB495 /* Main.storyboard */; };
		171A99CF22EBFFC9004BB495 /* Assets.xcassets in Resources */ = {isa = PBXBuildFile; fileRef = 171A99CE22EBFFC9004BB495 /* Assets.xcassets */; };
		171A99D222EBFFC9004BB495 /* LaunchScreen.storyboard in Resources */ = {isa = PBXBuildFile; fileRef = 171A99D022EBFFC9004BB495 /* LaunchScreen.storyboard */; };
		171A99D522EBFFC9004BB495 /* main.m in Sources */ = {isa = PBXBuildFile; fileRef = 171A99D422EBFFC9004BB495 /* main.m */; };
		171A99DF22EBFFC9004BB495 /* CoreAnimation_baseTests.m in Sources */ = {isa = PBXBuildFile; fileRef = 171A99DE22EBFFC9004BB495 /* CoreAnimation_baseTests.m */; };
		171A99EA22EBFFC9004BB495 /* CoreAnimation_baseUITests.m in Sources */ = {isa = PBXBuildFile; fileRef = 171A99E922EBFFC9004BB495 /* CoreAnimation_baseUITests.m */; };
/* End PBXBuildFile section */

/* Begin PBXContainerItemProxy section */
		171A99DB22EBFFC9004BB495 /* PBXContainerItemProxy */ = {
			isa = PBXContainerItemProxy;
			containerPortal = 171A99BA22EBFFC7004BB495 /* Project object */;
			proxyType = 1;
			remoteGlobalIDString = 171A99C122EBFFC7004BB495;
			remoteInfo = CoreAnimation_base;
		};
		171A99E622EBFFC9004BB495 /* PBXContainerItemProxy */ = {
			isa = PBXContainerItemProxy;
			containerPortal = 171A99BA22EBFFC7004BB495 /* Project object */;
			proxyType = 1;
			remoteGlobalIDString = 171A99C122EBFFC7004BB495;
			remoteInfo = CoreAnimation_base;
		};
/* End PBXContainerItemProxy section */

/* Begin PBXFileReference section */
		171A99C222EBFFC7004BB495 /* CoreAnimation_base.app */ = {isa = PBXFileReference; explicitFileType = wrapper.application; includeInIndex = 0; path = CoreAnimation_base.app; sourceTree = BUILT_PRODUCTS_DIR; };
		171A99C522EBFFC7004BB495 /* AppDelegate.h */ = {isa = PBXFileReference; lastKnownFileType = sourcecode.c.h; path = AppDelegate.h; sourceTree = "<group>"; };
		171A99C622EBFFC7004BB495 /* AppDelegate.m */ = {isa = PBXFileReference; lastKnownFileType = sourcecode.c.objc; path = AppDelegate.m; sourceTree = "<group>"; };
		171A99C822EBFFC7004BB495 /* ViewController.h */ = {isa = PBXFileReference; lastKnownFileType = sourcecode.c.h; path = ViewController.h; sourceTree = "<group>"; };
		171A99C922EBFFC7004BB495 /* ViewController.m */ = {isa = PBXFileReference; lastKnownFileType = sourcecode.c.objc; path = ViewController.m; sourceTree = "<group>"; };
		171A99CC22EBFFC7004BB495 /* Base */ = {isa = PBXFileReference; lastKnownFileType = file.storyboard; name = Base; path = Base.lproj/Main.storyboard; sourceTree = "<group>"; };
		171A99CE22EBFFC9004BB495 /* Assets.xcassets */ = {isa = PBXFileReference; lastKnownFileType = folder.assetcatalog; path = Assets.xcassets; sourceTree = "<group>"; };
		171A99D122EBFFC9004BB495 /* Base */ = {isa = PBXFileReference; lastKnownFileType = file.storyboard; name = Base; path = Base.lproj/LaunchScreen.storyboard; sourceTree = "<group>"; };
		171A99D322EBFFC9004BB495 /* Info.plist */ = {isa = PBXFileReference; lastKnownFileType = text.plist.xml; path = Info.plist; sourceTree = "<group>"; };
		171A99D422EBFFC9004BB495 /* main.m */ = {isa = PBXFileReference; lastKnownFileType = sourcecode.c.objc; path = main.m; sourceTree = "<group>"; };
		171A99DA22EBFFC9004BB495 /* CoreAnimation_baseTests.xctest */ = {isa = PBXFileReference; explicitFileType = wrapper.cfbundle; includeInIndex = 0; path = CoreAnimation_baseTests.xctest; sourceTree = BUILT_PRODUCTS_DIR; };
		171A99DE22EBFFC9004BB495 /* CoreAnimation_baseTests.m */ = {isa = PBXFileReference; lastKnownFileType = sourcecode.c.objc; path = CoreAnimation_baseTests.m; sourceTree = "<group>"; };
		171A99E022EBFFC9004BB495 /* Info.plist */ = {isa = PBXFileReference; lastKnownFileType = text.plist.xml; path = Info.plist; sourceTree = "<group>"; };
		171A99E522EBFFC9004BB495 /* CoreAnimation_baseUITests.xctest */ = {isa = PBXFileReference; explicitFileType = wrapper.cfbundle; includeInIndex = 0; path = CoreAnimation_baseUITests.xctest; sourceTree = BUILT_PRODUCTS_DIR; };
		171A99E922EBFFC9004BB495 /* CoreAnimation_baseUITests.m */ = {isa = PBXFileReference; lastKnownFileType = sourcecode.c.objc; path = CoreAnimation_baseUITests.m; sourceTree = "<group>"; };
		171A99EB22EBFFC9004BB495 /* Info.plist */ = {isa = PBXFileReference; lastKnownFileType = text.plist.xml; path = Info.plist; sourceTree = "<group>"; };
/* End PBXFileReference section */

/* Begin PBXFrameworksBuildPhase section */
		171A99BF22EBFFC7004BB495 /* Frameworks */ = {
			isa = PBXFrameworksBuildPhase;
			buildActionMask = 2147483647;
			files = (
			);
			runOnlyForDeploymentPostprocessing = 0;
		};
		171A99D722EBFFC9004BB495 /* Frameworks */ = {
			isa = PBXFrameworksBuildPhase;
			buildActionMask = 2147483647;
			files = (
			);
			runOnlyForDeploymentPostprocessing = 0;
		};
		171A99E222EBFFC9004BB495 /* Frameworks */ = {
			isa = PBXFrameworksBuildPhase;
			buildActionMask = 2147483647;
			files = (
			);
			runOnlyForDeploymentPostprocessing = 0;
		};
/* End PBXFrameworksBuildPhase section */

/* Begin PBXGroup section */
		171A99B922EBFFC7004BB495 = {
			isa = PBXGroup;
			children = (
				171A99C422EBFFC7004BB495 /* CoreAnimation_base */,
				171A99DD22EBFFC9004BB495 /* CoreAnimation_baseTests */,
				171A99E822EBFFC9004BB495 /* CoreAnimation_baseUITests */,
				171A99C322EBFFC7004BB495 /* Products */,
			);
			sourceTree = "<group>";
		};
		171A99C322EBFFC7004BB495 /* Products */ = {
			isa = PBXGroup;
			children = (
				171A99C222EBFFC7004BB495 /* CoreAnimation_base.app */,
				171A99DA22EBFFC9004BB495 /* CoreAnimation_baseTests.xctest */,
				171A99E522EBFFC9004BB495 /* CoreAnimation_baseUITests.xctest */,
			);
			name = Products;
			sourceTree = "<group>";
		};
		171A99C422EBFFC7004BB495 /* CoreAnimation_base */ = {
			isa = PBXGroup;
			children = (
				171A99C522EBFFC7004BB495 /* AppDelegate.h */,
				171A99C622EBFFC7004BB495 /* AppDelegate.m */,
				171A99C822EBFFC7004BB495 /* ViewController.h */,
				171A99C922EBFFC7004BB495 /* ViewController.m */,
				171A99CB22EBFFC7004BB495 /* Main.storyboard */,
				171A99CE22EBFFC9004BB495 /* Assets.xcassets */,
				171A99D022EBFFC9004BB495 /* LaunchScreen.storyboard */,
				171A99D322EBFFC9004BB495 /* Info.plist */,
				171A99D422EBFFC9004BB495 /* main.m */,
			);
			path = CoreAnimation_base;
			sourceTree = "<group>";
		};
		171A99DD22EBFFC9004BB495 /* CoreAnimation_baseTests */ = {
			isa = PBXGroup;
			children = (
				171A99DE22EBFFC9004BB495 /* CoreAnimation_baseTests.m */,
				171A99E022EBFFC9004BB495 /* Info.plist */,
			);
			path = CoreAnimation_baseTests;
			sourceTree = "<group>";
		};
		171A99E822EBFFC9004BB495 /* CoreAnimation_baseUITests */ = {
			isa = PBXGroup;
			children = (
				171A99E922EBFFC9004BB495 /* CoreAnimation_baseUITests.m */,
				171A99EB22EBFFC9004BB495 /* Info.plist */,
			);
			path = CoreAnimation_baseUITests;
			sourceTree = "<group>";
		};
/* End PBXGroup section */

/* Begin PBXNativeTarget section */
		171A99C122EBFFC7004BB495 /* CoreAnimation_base */ = {
			isa = PBXNativeTarget;
			buildConfigurationList = 171A99EE22EBFFC9004BB495 /* Build configuration list for PBXNativeTarget "CoreAnimation_base" */;
			buildPhases = (
				171A99BE22EBFFC7004BB495 /* Sources */,
				171A99BF22EBFFC7004BB495 /* Frameworks */,
				171A99C022EBFFC7004BB495 /* Resources */,
			);
			buildRules = (
			);
			dependencies = (
			);
			name = CoreAnimation_base;
			productName = CoreAnimation_base;
			productReference = 171A99C222EBFFC7004BB495 /* CoreAnimation_base.app */;
			productType = "com.apple.product-type.application";
		};
		171A99D922EBFFC9004BB495 /* CoreAnimation_baseTests */ = {
			isa = PBXNativeTarget;
			buildConfigurationList = 171A99F122EBFFC9004BB495 /* Build configuration list for PBXNativeTarget "CoreAnimation_baseTests" */;
			buildPhases = (
				171A99D622EBFFC9004BB495 /* Sources */,
				171A99D722EBFFC9004BB495 /* Frameworks */,
				171A99D822EBFFC9004BB495 /* Resources */,
			);
			buildRules = (
			);
			dependencies = (
				171A99DC22EBFFC9004BB495 /* PBXTargetDependency */,
			);
			name = CoreAnimation_baseTests;
			productName = CoreAnimation_baseTests;
			productReference = 171A99DA22EBFFC9004BB495 /* CoreAnimation_baseTests.xctest */;
			productType = "com.apple.product-type.bundle.unit-test";
		};
		171A99E422EBFFC9004BB495 /* CoreAnimation_baseUITests */ = {
			isa = PBXNativeTarget;
			buildConfigurationList = 171A99F422EBFFC9004BB495 /* Build configuration list for PBXNativeTarget "CoreAnimation_baseUITests" */;
			buildPhases = (
				171A99E122EBFFC9004BB495 /* Sources */,
				171A99E222EBFFC9004BB495 /* Frameworks */,
				171A99E322EBFFC9004BB495 /* Resources */,
			);
			buildRules = (
			);
			dependencies = (
				171A99E722EBFFC9004BB495 /* PBXTargetDependency */,
			);
			name = CoreAnimation_baseUITests;
			productName = CoreAnimation_baseUITests;
			productReference = 171A99E522EBFFC9004BB495 /* CoreAnimation_baseUITests.xctest */;
			productType = "com.apple.product-type.bundle.ui-testing";
		};
/* End PBXNativeTarget section */

/* Begin PBXProject section */
		171A99BA22EBFFC7004BB495 /* Project object */ = {
			isa = PBXProject;
			attributes = {
				LastUpgradeCheck = 1010;
				ORGANIZATIONNAME = Shae;
				TargetAttributes = {
					171A99C122EBFFC7004BB495 = {
						CreatedOnToolsVersion = 10.1;
					};
					171A99D922EBFFC9004BB495 = {
						CreatedOnToolsVersion = 10.1;
						TestTargetID = 171A99C122EBFFC7004BB495;
					};
					171A99E422EBFFC9004BB495 = {
						CreatedOnToolsVersion = 10.1;
						TestTargetID = 171A99C122EBFFC7004BB495;
					};
				};
			};
			buildConfigurationList = 171A99BD22EBFFC7004BB495 /* Build configuration list for PBXProject "CoreAnimation_base" */;
			compatibilityVersion = "Xcode 9.3";
			developmentRegion = en;
			hasScannedForEncodings = 0;
			knownRegions = (
				en,
				Base,
			);
			mainGroup = 171A99B922EBFFC7004BB495;
			productRefGroup = 171A99C322EBFFC7004BB495 /* Products */;
			projectDirPath = "";
			projectRoot = "";
			targets = (
				171A99C122EBFFC7004BB495 /* CoreAnimation_base */,
				171A99D922EBFFC9004BB495 /* CoreAnimation_baseTests */,
				171A99E422EBFFC9004BB495 /* CoreAnimation_baseUITests */,
			);
		};
/* End PBXProject section */

/* Begin PBXResourcesBuildPhase section */
		171A99C022EBFFC7004BB495 /* Resources */ = {
			isa = PBXResourcesBuildPhase;
			buildActionMask = 2147483647;
			files = (
				171A99D222EBFFC9004BB495 /* LaunchScreen.storyboard in Resources */,
				171A99CF22EBFFC9004BB495 /* Assets.xcassets in Resources */,
				171A99CD22EBFFC7004BB495 /* Main.storyboard in Resources */,
			);
			runOnlyForDeploymentPostprocessing = 0;
		};
		171A99D822EBFFC9004BB495 /* Resources */ = {
			isa = PBXResourcesBuildPhase;
			buildActionMask = 2147483647;
			files = (
			);
			runOnlyForDeploymentPostprocessing = 0;
		};
		171A99E322EBFFC9004BB495 /* Resources */ = {
			isa = PBXResourcesBuildPhase;
			buildActionMask = 2147483647;
			files = (
			);
			runOnlyForDeploymentPostprocessing = 0;
		};
/* End PBXResourcesBuildPhase section */

/* Begin PBXSourcesBuildPhase section */
		171A99BE22EBFFC7004BB495 /* Sources */ = {
			isa = PBXSourcesBuildPhase;
			buildActionMask = 2147483647;
			files = (
				171A99CA22EBFFC7004BB495 /* ViewController.m in Sources */,
				171A99D522EBFFC9004BB495 /* main.m in Sources */,
				171A99C722EBFFC7004BB495 /* AppDelegate.m in Sources */,
			);
			runOnlyForDeploymentPostprocessing = 0;
		};
		171A99D622EBFFC9004BB495 /* Sources */ = {
			isa = PBXSourcesBuildPhase;
			buildActionMask = 2147483647;
			files = (
				171A99DF22EBFFC9004BB495 /* CoreAnimation_baseTests.m in Sources */,
			);
			runOnlyForDeploymentPostprocessing = 0;
		};
		171A99E122EBFFC9004BB495 /* Sources */ = {
			isa = PBXSourcesBuildPhase;
			buildActionMask = 2147483647;
			files = (
				171A99EA22EBFFC9004BB495 /* CoreAnimation_baseUITests.m in Sources */,
			);
			runOnlyForDeploymentPostprocessing = 0;
		};
/* End PBXSourcesBuildPhase section */

/* Begin PBXTargetDependency section */
		171A99DC22EBFFC9004BB495 /* PBXTargetDependency */ = {
			isa = PBXTargetDependency;
			target = 171A99C122EBFFC7004BB495 /* CoreAnimation_base */;
			targetProxy = 171A99DB22EBFFC9004BB495 /* PBXContainerItemProxy */;
		};
		171A99E722EBFFC9004BB495 /* PBXTargetDependency */ = {
			isa = PBXTargetDependency;
			target = 171A99C122EBFFC7004BB495 /* CoreAnimation_base */;
			targetProxy = 171A99E622EBFFC9004BB495 /* PBXContainerItemProxy */;
		};
/* End PBXTargetDependency section */

/* Begin PBXVariantGroup section */
		171A99CB22EBFFC7004BB495 /* Main.storyboard */ = {
			isa = PBXVariantGroup;
			children = (
				171A99CC22EBFFC7004BB495 /* Base */,
			);
			name = Main.storyboard;
			sourceTree = "<group>";
		};
		171A99D022EBFFC9004BB495 /* LaunchScreen.storyboard */ = {
			isa = PBXVariantGroup;
			children = (
				171A99D122EBFFC9004BB495 /* Base */,
			);
			name = LaunchScreen.storyboard;
			sourceTree = "<group>";
		};
/* End PBXVariantGroup section */

/* Begin XCBuildConfiguration section */
		171A99EC22EBFFC9004BB495 /* Debug */ = {
			isa = XCBuildConfiguration;
			buildSettings = {
				ALWAYS_SEARCH_USER_PATHS = NO;
				CLANG_ANALYZER_NONNULL = YES;
				CLANG_ANALYZER_NUMBER_OBJECT_CONVERSION = YES_AGGRESSIVE;
				CLANG_CXX_LANGUAGE_STANDARD = "gnu++14";
				CLANG_CXX_LIBRARY = "libc++";
				CLANG_ENABLE_MODULES = YES;
				CLANG_ENABLE_OBJC_ARC = YES;
				CLANG_ENABLE_OBJC_WEAK = YES;
				CLANG_WARN_BLOCK_CAPTURE_AUTORELEASING = YES;
				CLANG_WARN_BOOL_CONVERSION = YES;
				CLANG_WARN_COMMA = YES;
				CLANG_WARN_CONSTANT_CONVERSION = YES;
				CLANG_WARN_DEPRECATED_OBJC_IMPLEMENTATIONS = YES;
				CLANG_WARN_DIRECT_OBJC_ISA_USAGE = YES_ERROR;
				CLANG_WARN_DOCUMENTATION_COMMENTS = YES;
				CLANG_WARN_EMPTY_BODY = YES;
				CLANG_WARN_ENUM_CONVERSION = YES;
				CLANG_WARN_INFINITE_RECURSION = YES;
				CLANG_WARN_INT_CONVERSION = YES;
				CLANG_WARN_NON_LITERAL_NULL_CONVERSION = YES;
				CLANG_WARN_OBJC_IMPLICIT_RETAIN_SELF = YES;
				CLANG_WARN_OBJC_LITERAL_CONVERSION = YES;
				CLANG_WARN_OBJC_ROOT_CLASS = YES_ERROR;
				CLANG_WARN_RANGE_LOOP_ANALYSIS = YES;
				CLANG_WARN_STRICT_PROTOTYPES = YES;
				CLANG_WARN_SUSPICIOUS_MOVE = YES;
				CLANG_WARN_UNGUARDED_AVAILABILITY = YES_AGGRESSIVE;
				CLANG_WARN_UNREACHABLE_CODE = YES;
				CLANG_WARN__DUPLICATE_METHOD_MATCH = YES;
				CODE_SIGN_IDENTITY = "iPhone Developer";
				COPY_PHASE_STRIP = NO;
				DEBUG_INFORMATION_FORMAT = dwarf;
				ENABLE_STRICT_OBJC_MSGSEND = YES;
				ENABLE_TESTABILITY = YES;
				GCC_C_LANGUAGE_STANDARD = gnu11;
				GCC_DYNAMIC_NO_PIC = NO;
				GCC_NO_COMMON_BLOCKS = YES;
				GCC_OPTIMIZATION_LEVEL = 0;
				GCC_PREPROCESSOR_DEFINITIONS = (
					"DEBUG=1",
					"$(inherited)",
				);
				GCC_WARN_64_TO_32_BIT_CONVERSION = YES;
				GCC_WARN_ABOUT_RETURN_TYPE = YES_ERROR;
				GCC_WARN_UNDECLARED_SELECTOR = YES;
				GCC_WARN_UNINITIALIZED_AUTOS = YES_AGGRESSIVE;
				GCC_WARN_UNUSED_FUNCTION = YES;
				GCC_WARN_UNUSED_VARIABLE = YES;
				IPHONEOS_DEPLOYMENT_TARGET = 12.1;
				MTL_ENABLE_DEBUG_INFO = INCLUDE_SOURCE;
				MTL_FAST_MATH = YES;
				ONLY_ACTIVE_ARCH = YES;
				SDKROOT = iphoneos;
			};
			name = Debug;
		};
		171A99ED22EBFFC9004BB495 /* Release */ = {
			isa = XCBuildConfiguration;
			buildSettings = {
				ALWAYS_SEARCH_USER_PATHS = NO;
				CLANG_ANALYZER_NONNULL = YES;
				CLANG_ANALYZER_NUMBER_OBJECT_CONVERSION = YES_AGGRESSIVE;
				CLANG_CXX_LANGUAGE_STANDARD = "gnu++14";
				CLANG_CXX_LIBRARY = "libc++";
				CLANG_ENABLE_MODULES = YES;
				CLANG_ENABLE_OBJC_ARC = YES;
				CLANG_ENABLE_OBJC_WEAK = YES;
				CLANG_WARN_BLOCK_CAPTURE_AUTORELEASING = YES;
				CLANG_WARN_BOOL_CONVERSION = YES;
				CLANG_WARN_COMMA = YES;
				CLANG_WARN_CONSTANT_CONVERSION = YES;
				CLANG_WARN_DEPRECATED_OBJC_IMPLEMENTATIONS = YES;
				CLANG_WARN_DIRECT_OBJC_ISA_USAGE = YES_ERROR;
				CLANG_WARN_DOCUMENTATION_COMMENTS = YES;
				CLANG_WARN_EMPTY_BODY = YES;
				CLANG_WARN_ENUM_CONVERSION = YES;
				CLANG_WARN_INFINITE_RECURSION = YES;
				CLANG_WARN_INT_CONVERSION = YES;
				CLANG_WARN_NON_LITERAL_NULL_CONVERSION = YES;
				CLANG_WARN_OBJC_IMPLICIT_RETAIN_SELF = YES;
				CLANG_WARN_OBJC_LITERAL_CONVERSION = YES;
				CLANG_WARN_OBJC_ROOT_CLASS = YES_ERROR;
				CLANG_WARN_RANGE_LOOP_ANALYSIS = YES;
				CLANG_WARN_STRICT_PROTOTYPES = YES;
				CLANG_WARN_SUSPICIOUS_MOVE = YES;
				CLANG_WARN_UNGUARDED_AVAILABILITY = YES_AGGRESSIVE;
				CLANG_WARN_UNREACHABLE_CODE = YES;
				CLANG_WARN__DUPLICATE_METHOD_MATCH = YES;
				CODE_SIGN_IDENTITY = "iPhone Developer";
				COPY_PHASE_STRIP = NO;
				DEBUG_INFORMATION_FORMAT = "dwarf-with-dsym";
				ENABLE_NS_ASSERTIONS = NO;
				ENABLE_STRICT_OBJC_MSGSEND = YES;
				GCC_C_LANGUAGE_STANDARD = gnu11;
				GCC_NO_COMMON_BLOCKS = YES;
				GCC_WARN_64_TO_32_BIT_CONVERSION = YES;
				GCC_WARN_ABOUT_RETURN_TYPE = YES_ERROR;
				GCC_WARN_UNDECLARED_SELECTOR = YES;
				GCC_WARN_UNINITIALIZED_AUTOS = YES_AGGRESSIVE;
				GCC_WARN_UNUSED_FUNCTION = YES;
				GCC_WARN_UNUSED_VARIABLE = YES;
				IPHONEOS_DEPLOYMENT_TARGET = 12.1;
				MTL_ENABLE_DEBUG_INFO = NO;
				MTL_FAST_MATH = YES;
				SDKROOT = iphoneos;
				VALIDATE_PRODUCT = YES;
			};
			name = Release;
		};
		171A99EF22EBFFC9004BB495 /* Debug */ = {
			isa = XCBuildConfiguration;
			buildSettings = {
				ASSETCATALOG_COMPILER_APPICON_NAME = AppIcon;
				CODE_SIGN_STYLE = Automatic;
				INFOPLIST_FILE = CoreAnimation_base/Info.plist;
				LD_RUNPATH_SEARCH_PATHS = (
					"$(inherited)",
					"@executable_path/Frameworks",
				);
				PRODUCT_BUNDLE_IDENTIFIER = "Shae.CoreAnimation-base";
				PRODUCT_NAME = "$(TARGET_NAME)";
				TARGETED_DEVICE_FAMILY = "1,2";
			};
			name = Debug;
		};
		171A99F022EBFFC9004BB495 /* Release */ = {
			isa = XCBuildConfiguration;
			buildSettings = {
				ASSETCATALOG_COMPILER_APPICON_NAME = AppIcon;
				CODE_SIGN_STYLE = Automatic;
				INFOPLIST_FILE = CoreAnimation_base/Info.plist;
				LD_RUNPATH_SEARCH_PATHS = (
					"$(inherited)",
					"@executable_path/Frameworks",
				);
				PRODUCT_BUNDLE_IDENTIFIER = "Shae.CoreAnimation-base";
				PRODUCT_NAME = "$(TARGET_NAME)";
				TARGETED_DEVICE_FAMILY = "1,2";
			};
			name = Release;
		};
		171A99F222EBFFC9004BB495 /* Debug */ = {
			isa = XCBuildConfiguration;
			buildSettings = {
				BUNDLE_LOADER = "$(TEST_HOST)";
				CODE_SIGN_STYLE = Automatic;
				INFOPLIST_FILE = CoreAnimation_baseTests/Info.plist;
				LD_RUNPATH_SEARCH_PATHS = (
					"$(inherited)",
					"@executable_path/Frameworks",
					"@loader_path/Frameworks",
				);
				PRODUCT_BUNDLE_IDENTIFIER = "Shae.CoreAnimation-baseTests";
				PRODUCT_NAME = "$(TARGET_NAME)";
				TARGETED_DEVICE_FAMILY = "1,2";
				TEST_HOST = "$(BUILT_PRODUCTS_DIR)/CoreAnimation_base.app/CoreAnimation_base";
			};
			name = Debug;
		};
		171A99F322EBFFC9004BB495 /* Release */ = {
			isa = XCBuildConfiguration;
			buildSettings = {
				BUNDLE_LOADER = "$(TEST_HOST)";
				CODE_SIGN_STYLE = Automatic;
				INFOPLIST_FILE = CoreAnimation_baseTests/Info.plist;
				LD_RUNPATH_SEARCH_PATHS = (
					"$(inherited)",
					"@executable_path/Frameworks",
					"@loader_path/Frameworks",
				);
				PRODUCT_BUNDLE_IDENTIFIER = "Shae.CoreAnimation-baseTests";
				PRODUCT_NAME = "$(TARGET_NAME)";
				TARGETED_DEVICE_FAMILY = "1,2";
				TEST_HOST = "$(BUILT_PRODUCTS_DIR)/CoreAnimation_base.app/CoreAnimation_base";
			};
			name = Release;
		};
		171A99F522EBFFC9004BB495 /* Debug */ = {
			isa = XCBuildConfiguration;
			buildSettings = {
				CODE_SIGN_STYLE = Automatic;
				INFOPLIST_FILE = CoreAnimation_baseUITests/Info.plist;
				LD_RUNPATH_SEARCH_PATHS = (
					"$(inherited)",
					"@executable_path/Frameworks",
					"@loader_path/Frameworks",
				);
				PRODUCT_BUNDLE_IDENTIFIER = "Shae.CoreAnimation-baseUITests";
				PRODUCT_NAME = "$(TARGET_NAME)";
				TARGETED_DEVICE_FAMILY = "1,2";
				TEST_TARGET_NAME = CoreAnimation_base;
			};
			name = Debug;
		};
		171A99F622EBFFC9004BB495 /* Release */ = {
			isa = XCBuildConfiguration;
			buildSettings = {
				CODE_SIGN_STYLE = Automatic;
				INFOPLIST_FILE = CoreAnimation_baseUITests/Info.plist;
				LD_RUNPATH_SEARCH_PATHS = (
					"$(inherited)",
					"@executable_path/Frameworks",
					"@loader_path/Frameworks",
				);
				PRODUCT_BUNDLE_IDENTIFIER = "Shae.CoreAnimation-baseUITests";
				PRODUCT_NAME = "$(TARGET_NAME)";
				TARGETED_DEVICE_FAMILY = "1,2";
				TEST_TARGET_NAME = CoreAnimation_base;
			};
			name = Release;
		};
/* End XCBuildConfiguration section */

/* Begin XCConfigurationList section */
		171A99BD22EBFFC7004BB495 /* Build configuration list for PBXProject "CoreAnimation_base" */ = {
			isa = XCConfigurationList;
			buildConfigurations = (
				171A99EC22EBFFC9004BB495 /* Debug */,
				171A99ED22EBFFC9004BB495 /* Release */,
			);
			defaultConfigurationIsVisible = 0;
			defaultConfigurationName = Release;
		};
		171A99EE22EBFFC9004BB495 /* Build configuration list for PBXNativeTarget "CoreAnimation_base" */ = {
			isa = XCConfigurationList;
			buildConfigurations = (
				171A99EF22EBFFC9004BB495 /* Debug */,
				171A99F022EBFFC9004BB495 /* Release */,
			);
			defaultConfigurationIsVisible = 0;
			defaultConfigurationName = Release;
		};
		171A99F122EBFFC9004BB495 /* Build configuration list for PBXNativeTarget "CoreAnimation_baseTests" */ = {
			isa = XCConfigurationList;
			buildConfigurations = (
				171A99F222EBFFC9004BB495 /* Debug */,
				171A99F322EBFFC9004BB495 /* Release */,
			);
			defaultConfigurationIsVisible = 0;
			defaultConfigurationName = Release;
		};
		171A99F422EBFFC9004BB495 /* Build configuration list for PBXNativeTarget "CoreAnimation_baseUITests" */ = {
			isa = XCConfigurationList;
			buildConfigurations = (
				171A99F522EBFFC9004BB495 /* Debug */,
				171A99F622EBFFC9004BB495 /* Release */,
			);
			defaultConfigurationIsVisible = 0;
			defaultConfigurationName = Release;
		};
/* End XCConfigurationList section */
	};
	rootObject = 171A99BA22EBFFC7004BB495 /* Project object */;
}
